// !$*UTF8*$!
{
	archiveVersion = 1;
	classes = {
	};
	objectVersion = 77;
	objects = {

/* Begin PBXBuildFile section */
		BB125A922C96A1FF008375AF /* ImportModel.swift in Sources */ = {isa = PBXBuildFile; fileRef = BB125A912C96A1FF008375AF /* ImportModel.swift */; };
		BB125A942C96A60C008375AF /* MockData.json in Resources */ = {isa = PBXBuildFile; fileRef = BB125A932C96A600008375AF /* MockData.json */; };
		BB125A962C9737B2008375AF /* MockDataPreviewTrait.swift in Sources */ = {isa = PBXBuildFile; fileRef = BB125A952C9737B2008375AF /* MockDataPreviewTrait.swift */; };
		BB43DA082C9388E100E110F1 /* BookCommentView.swift in Sources */ = {isa = PBXBuildFile; fileRef = BB43DA072C9388E100E110F1 /* BookCommentView.swift */; };
		BB43DA0B2C93945800E110F1 /* TagStyle.swift in Sources */ = {isa = PBXBuildFile; fileRef = BB43DA0A2C93945800E110F1 /* TagStyle.swift */; };
		BB584BF42C94ED7A00267459 /* Launch Screen.storyboard in Resources */ = {isa = PBXBuildFile; fileRef = BB584BF32C94ED7A00267459 /* Launch Screen.storyboard */; };
		BB9EE0CB2C8E2E8B000C5047 /* BooksApp.swift in Sources */ = {isa = PBXBuildFile; fileRef = BB9EE0C82C8E2E8B000C5047 /* BooksApp.swift */; };
		BB9EE0CC2C8E2E8B000C5047 /* StartTabView.swift in Sources */ = {isa = PBXBuildFile; fileRef = BB9EE0C92C8E2E8B000C5047 /* StartTabView.swift */; };
		BB9EE0CD2C8E2E8B000C5047 /* Preview Assets.xcassets in Resources */ = {isa = PBXBuildFile; fileRef = BB9EE0C52C8E2E8B000C5047 /* Preview Assets.xcassets */; };
		BB9EE0CE2C8E2E8B000C5047 /* Assets.xcassets in Resources */ = {isa = PBXBuildFile; fileRef = BB9EE0C72C8E2E8B000C5047 /* Assets.xcassets */; };
		BB9EE0D02C8E2EA0000C5047 /* Book.swift in Sources */ = {isa = PBXBuildFile; fileRef = BB9EE0CF2C8E2EA0000C5047 /* Book.swift */; };
		BB9EE0D22C8E2ED1000C5047 /* Author.swift in Sources */ = {isa = PBXBuildFile; fileRef = BB9EE0D12C8E2ED1000C5047 /* Author.swift */; };
		BB9EE0D62C8E461D000C5047 /* Genre.swift in Sources */ = {isa = PBXBuildFile; fileRef = BB9EE0D52C8E461D000C5047 /* Genre.swift */; };
		BB9EE0D92C8E46B1000C5047 /* Color+Extension.swift in Sources */ = {isa = PBXBuildFile; fileRef = BB9EE0D82C8E46B1000C5047 /* Color+Extension.swift */; };
		BB9EE0DA2C8E46B1000C5047 /* UIColor+Extension.swift in Sources */ = {isa = PBXBuildFile; fileRef = BB9EE0D72C8E46B1000C5047 /* UIColor+Extension.swift */; };
		BB9EE0E32C8E4DA1000C5047 /* BooksTabView.swift in Sources */ = {isa = PBXBuildFile; fileRef = BB9EE0E22C8E4DA1000C5047 /* BooksTabView.swift */; };
		BB9EE0E52C8E4DAC000C5047 /* AuthorsTabView.swift in Sources */ = {isa = PBXBuildFile; fileRef = BB9EE0E42C8E4DAC000C5047 /* AuthorsTabView.swift */; };
		BB9EE0E72C8E4DBE000C5047 /* GenresTabView.swift in Sources */ = {isa = PBXBuildFile; fileRef = BB9EE0E62C8E4DBE000C5047 /* GenresTabView.swift */; };
/* End PBXBuildFile section */

/* Begin PBXFileReference section */
		BB125A912C96A1FF008375AF /* ImportModel.swift */ = {isa = PBXFileReference; lastKnownFileType = sourcecode.swift; path = ImportModel.swift; sourceTree = "<group>"; };
		BB125A932C96A600008375AF /* MockData.json */ = {isa = PBXFileReference; lastKnownFileType = text.json; path = MockData.json; sourceTree = "<group>"; };
		BB125A952C9737B2008375AF /* MockDataPreviewTrait.swift */ = {isa = PBXFileReference; lastKnownFileType = sourcecode.swift; path = MockDataPreviewTrait.swift; sourceTree = "<group>"; };
		BB43DA072C9388E100E110F1 /* BookCommentView.swift */ = {isa = PBXFileReference; lastKnownFileType = sourcecode.swift; path = BookCommentView.swift; sourceTree = "<group>"; };
		BB43DA0A2C93945800E110F1 /* TagStyle.swift */ = {isa = PBXFileReference; lastKnownFileType = sourcecode.swift; path = TagStyle.swift; sourceTree = "<group>"; };
		BB584BF32C94ED7A00267459 /* Launch Screen.storyboard */ = {isa = PBXFileReference; lastKnownFileType = file.storyboard; path = "Launch Screen.storyboard"; sourceTree = "<group>"; };
		BB9EE0B42C8E2E84000C5047 /* Books.app */ = {isa = PBXFileReference; explicitFileType = wrapper.application; includeInIndex = 0; path = Books.app; sourceTree = BUILT_PRODUCTS_DIR; };
		BB9EE0C52C8E2E8B000C5047 /* Preview Assets.xcassets */ = {isa = PBXFileReference; lastKnownFileType = folder.assetcatalog; path = "Preview Assets.xcassets"; sourceTree = "<group>"; };
		BB9EE0C72C8E2E8B000C5047 /* Assets.xcassets */ = {isa = PBXFileReference; lastKnownFileType = folder.assetcatalog; path = Assets.xcassets; sourceTree = "<group>"; };
		BB9EE0C82C8E2E8B000C5047 /* BooksApp.swift */ = {isa = PBXFileReference; lastKnownFileType = sourcecode.swift; path = BooksApp.swift; sourceTree = "<group>"; };
		BB9EE0C92C8E2E8B000C5047 /* StartTabView.swift */ = {isa = PBXFileReference; lastKnownFileType = sourcecode.swift; path = StartTabView.swift; sourceTree = "<group>"; };
		BB9EE0CF2C8E2EA0000C5047 /* Book.swift */ = {isa = PBXFileReference; lastKnownFileType = sourcecode.swift; path = Book.swift; sourceTree = "<group>"; };
		BB9EE0D12C8E2ED1000C5047 /* Author.swift */ = {isa = PBXFileReference; lastKnownFileType = sourcecode.swift; path = Author.swift; sourceTree = "<group>"; };
		BB9EE0D52C8E461D000C5047 /* Genre.swift */ = {isa = PBXFileReference; lastKnownFileType = sourcecode.swift; path = Genre.swift; sourceTree = "<group>"; };
		BB9EE0D72C8E46B1000C5047 /* UIColor+Extension.swift */ = {isa = PBXFileReference; lastKnownFileType = sourcecode.swift; path = "UIColor+Extension.swift"; sourceTree = "<group>"; };
		BB9EE0D82C8E46B1000C5047 /* Color+Extension.swift */ = {isa = PBXFileReference; lastKnownFileType = sourcecode.swift; path = "Color+Extension.swift"; sourceTree = "<group>"; };
		BB9EE0E22C8E4DA1000C5047 /* BooksTabView.swift */ = {isa = PBXFileReference; lastKnownFileType = sourcecode.swift; path = BooksTabView.swift; sourceTree = "<group>"; };
		BB9EE0E42C8E4DAC000C5047 /* AuthorsTabView.swift */ = {isa = PBXFileReference; lastKnownFileType = sourcecode.swift; path = AuthorsTabView.swift; sourceTree = "<group>"; };
		BB9EE0E62C8E4DBE000C5047 /* GenresTabView.swift */ = {isa = PBXFileReference; lastKnownFileType = sourcecode.swift; path = GenresTabView.swift; sourceTree = "<group>"; };
/* End PBXFileReference section */

/* Begin PBXFrameworksBuildPhase section */
		BB9EE0B12C8E2E84000C5047 /* Frameworks */ = {
			isa = PBXFrameworksBuildPhase;
			buildActionMask = 2147483647;
			files = (
			);
			runOnlyForDeploymentPostprocessing = 0;
		};
/* End PBXFrameworksBuildPhase section */

/* Begin PBXGroup section */
		BB125A902C96A1E8008375AF /* MockData */ = {
			isa = PBXGroup;
			children = (
				BB125A912C96A1FF008375AF /* ImportModel.swift */,
				BB125A952C9737B2008375AF /* MockDataPreviewTrait.swift */,
				BB125A932C96A600008375AF /* MockData.json */,
			);
			path = MockData;
			sourceTree = "<group>";
		};
		BB43DA092C93944600E110F1 /* Styles */ = {
			isa = PBXGroup;
			children = (
				BB43DA0A2C93945800E110F1 /* TagStyle.swift */,
			);
			path = Styles;
			sourceTree = "<group>";
		};
		BB9EE0AB2C8E2E84000C5047 = {
			isa = PBXGroup;
			children = (
				BB9EE0CA2C8E2E8B000C5047 /* Books */,
				BB9EE0B52C8E2E84000C5047 /* Products */,
			);
			sourceTree = "<group>";
		};
		BB9EE0B52C8E2E84000C5047 /* Products */ = {
			isa = PBXGroup;
			children = (
				BB9EE0B42C8E2E84000C5047 /* Books.app */,
			);
			name = Products;
			sourceTree = "<group>";
		};
		BB9EE0C62C8E2E8B000C5047 /* Preview Content */ = {
			isa = PBXGroup;
			children = (
				BB125A902C96A1E8008375AF /* MockData */,
				BB9EE0C52C8E2E8B000C5047 /* Preview Assets.xcassets */,
			);
			path = "Preview Content";
			sourceTree = "<group>";
		};
		BB9EE0CA2C8E2E8B000C5047 /* Books */ = {
			isa = PBXGroup;
			children = (
				BB9EE0C82C8E2E8B000C5047 /* BooksApp.swift */,
				BB9EE0C92C8E2E8B000C5047 /* StartTabView.swift */,
				BB9EE0E22C8E4DA1000C5047 /* BooksTabView.swift */,
				BB43DA072C9388E100E110F1 /* BookCommentView.swift */,
				BB9EE0E42C8E4DAC000C5047 /* AuthorsTabView.swift */,
				BB9EE0E62C8E4DBE000C5047 /* GenresTabView.swift */,
				BB9EE0DC2C8E4AD8000C5047 /* Models */,
				BB43DA092C93944600E110F1 /* Styles */,
				BB9EE0DB2C8E46BE000C5047 /* Extensions */,
				BB584BF32C94ED7A00267459 /* Launch Screen.storyboard */,
				BB9EE0C72C8E2E8B000C5047 /* Assets.xcassets */,
				BB9EE0C62C8E2E8B000C5047 /* Preview Content */,
			);
			path = Books;
			sourceTree = "<group>";
		};
		BB9EE0DB2C8E46BE000C5047 /* Extensions */ = {
			isa = PBXGroup;
			children = (
				BB9EE0D72C8E46B1000C5047 /* UIColor+Extension.swift */,
				BB9EE0D82C8E46B1000C5047 /* Color+Extension.swift */,
			);
			path = Extensions;
			sourceTree = "<group>";
		};
		BB9EE0DC2C8E4AD8000C5047 /* Models */ = {
			isa = PBXGroup;
			children = (
				BB9EE0CF2C8E2EA0000C5047 /* Book.swift */,
				BB9EE0D12C8E2ED1000C5047 /* Author.swift */,
				BB9EE0D52C8E461D000C5047 /* Genre.swift */,
			);
			path = Models;
			sourceTree = "<group>";
		};
/* End PBXGroup section */

/* Begin PBXNativeTarget section */
		BB9EE0B32C8E2E84000C5047 /* Books */ = {
			isa = PBXNativeTarget;
			buildConfigurationList = BB9EE0C22C8E2E85000C5047 /* Build configuration list for PBXNativeTarget "Books" */;
			buildPhases = (
				BB9EE0B02C8E2E84000C5047 /* Sources */,
				BB9EE0B12C8E2E84000C5047 /* Frameworks */,
				BB9EE0B22C8E2E84000C5047 /* Resources */,
			);
			buildRules = (
			);
			dependencies = (
			);
			name = Books;
			packageProductDependencies = (
			);
			productName = Books;
			productReference = BB9EE0B42C8E2E84000C5047 /* Books.app */;
			productType = "com.apple.product-type.application";
		};
/* End PBXNativeTarget section */

/* Begin PBXProject section */
		BB9EE0AC2C8E2E84000C5047 /* Project object */ = {
			isa = PBXProject;
			attributes = {
				BuildIndependentTargetsInParallel = 1;
				LastSwiftUpdateCheck = 1600;
				LastUpgradeCheck = 1600;
				TargetAttributes = {
					BB9EE0B32C8E2E84000C5047 = {
						CreatedOnToolsVersion = 16.0;
					};
				};
			};
			buildConfigurationList = BB9EE0AF2C8E2E84000C5047 /* Build configuration list for PBXProject "Books" */;
			developmentRegion = en;
			hasScannedForEncodings = 0;
			knownRegions = (
				en,
				Base,
			);
			mainGroup = BB9EE0AB2C8E2E84000C5047;
			minimizedProjectReferenceProxies = 1;
			preferredProjectObjectVersion = 77;
			productRefGroup = BB9EE0B52C8E2E84000C5047 /* Products */;
			projectDirPath = "";
			projectRoot = "";
			targets = (
				BB9EE0B32C8E2E84000C5047 /* Books */,
			);
		};
/* End PBXProject section */

/* Begin PBXResourcesBuildPhase section */
		BB9EE0B22C8E2E84000C5047 /* Resources */ = {
			isa = PBXResourcesBuildPhase;
			buildActionMask = 2147483647;
			files = (
				BB584BF42C94ED7A00267459 /* Launch Screen.storyboard in Resources */,
				BB125A942C96A60C008375AF /* MockData.json in Resources */,
				BB9EE0CD2C8E2E8B000C5047 /* Preview Assets.xcassets in Resources */,
				BB9EE0CE2C8E2E8B000C5047 /* Assets.xcassets in Resources */,
			);
			runOnlyForDeploymentPostprocessing = 0;
		};
/* End PBXResourcesBuildPhase section */

/* Begin PBXSourcesBuildPhase section */
		BB9EE0B02C8E2E84000C5047 /* Sources */ = {
			isa = PBXSourcesBuildPhase;
			buildActionMask = 2147483647;
			files = (
				BB125A922C96A1FF008375AF /* ImportModel.swift in Sources */,
				BB9EE0E52C8E4DAC000C5047 /* AuthorsTabView.swift in Sources */,
				BB9EE0CB2C8E2E8B000C5047 /* BooksApp.swift in Sources */,
				BB9EE0CC2C8E2E8B000C5047 /* StartTabView.swift in Sources */,
				BB9EE0D22C8E2ED1000C5047 /* Author.swift in Sources */,
				BB43DA0B2C93945800E110F1 /* TagStyle.swift in Sources */,
				BB43DA082C9388E100E110F1 /* BookCommentView.swift in Sources */,
				BB9EE0E72C8E4DBE000C5047 /* GenresTabView.swift in Sources */,
				BB9EE0D92C8E46B1000C5047 /* Color+Extension.swift in Sources */,
				BB9EE0DA2C8E46B1000C5047 /* UIColor+Extension.swift in Sources */,
				BB9EE0E32C8E4DA1000C5047 /* BooksTabView.swift in Sources */,
				BB125A962C9737B2008375AF /* MockDataPreviewTrait.swift in Sources */,
				BB9EE0D62C8E461D000C5047 /* Genre.swift in Sources */,
				BB9EE0D02C8E2EA0000C5047 /* Book.swift in Sources */,
			);
			runOnlyForDeploymentPostprocessing = 0;
		};
/* End PBXSourcesBuildPhase section */

/* Begin XCBuildConfiguration section */
		BB9EE0C02C8E2E85000C5047 /* Debug */ = {
			isa = XCBuildConfiguration;
			buildSettings = {
				ALWAYS_SEARCH_USER_PATHS = NO;
				ASSETCATALOG_COMPILER_GENERATE_SWIFT_ASSET_SYMBOL_EXTENSIONS = YES;
				CLANG_ANALYZER_NONNULL = YES;
				CLANG_ANALYZER_NUMBER_OBJECT_CONVERSION = YES_AGGRESSIVE;
				CLANG_CXX_LANGUAGE_STANDARD = "gnu++20";
				CLANG_ENABLE_MODULES = YES;
				CLANG_ENABLE_OBJC_ARC = YES;
				CLANG_ENABLE_OBJC_WEAK = YES;
				CLANG_WARN_BLOCK_CAPTURE_AUTORELEASING = YES;
				CLANG_WARN_BOOL_CONVERSION = YES;
				CLANG_WARN_COMMA = YES;
				CLANG_WARN_CONSTANT_CONVERSION = YES;
				CLANG_WARN_DEPRECATED_OBJC_IMPLEMENTATIONS = YES;
				CLANG_WARN_DIRECT_OBJC_ISA_USAGE = YES_ERROR;
				CLANG_WARN_DOCUMENTATION_COMMENTS = YES;
				CLANG_WARN_EMPTY_BODY = YES;
				CLANG_WARN_ENUM_CONVERSION = YES;
				CLANG_WARN_INFINITE_RECURSION = YES;
				CLANG_WARN_INT_CONVERSION = YES;
				CLANG_WARN_NON_LITERAL_NULL_CONVERSION = YES;
				CLANG_WARN_OBJC_IMPLICIT_RETAIN_SELF = YES;
				CLANG_WARN_OBJC_LITERAL_CONVERSION = YES;
				CLANG_WARN_OBJC_ROOT_CLASS = YES_ERROR;
				CLANG_WARN_QUOTED_INCLUDE_IN_FRAMEWORK_HEADER = YES;
				CLANG_WARN_RANGE_LOOP_ANALYSIS = YES;
				CLANG_WARN_STRICT_PROTOTYPES = YES;
				CLANG_WARN_SUSPICIOUS_MOVE = YES;
				CLANG_WARN_UNGUARDED_AVAILABILITY = YES_AGGRESSIVE;
				CLANG_WARN_UNREACHABLE_CODE = YES;
				CLANG_WARN__DUPLICATE_METHOD_MATCH = YES;
				COPY_PHASE_STRIP = NO;
				DEBUG_INFORMATION_FORMAT = dwarf;
				ENABLE_STRICT_OBJC_MSGSEND = YES;
				ENABLE_TESTABILITY = YES;
				ENABLE_USER_SCRIPT_SANDBOXING = YES;
				GCC_C_LANGUAGE_STANDARD = gnu17;
				GCC_DYNAMIC_NO_PIC = NO;
				GCC_NO_COMMON_BLOCKS = YES;
				GCC_OPTIMIZATION_LEVEL = 0;
				GCC_PREPROCESSOR_DEFINITIONS = (
					"DEBUG=1",
					"$(inherited)",
				);
				GCC_WARN_64_TO_32_BIT_CONVERSION = YES;
				GCC_WARN_ABOUT_RETURN_TYPE = YES_ERROR;
				GCC_WARN_UNDECLARED_SELECTOR = YES;
				GCC_WARN_UNINITIALIZED_AUTOS = YES_AGGRESSIVE;
				GCC_WARN_UNUSED_FUNCTION = YES;
				GCC_WARN_UNUSED_VARIABLE = YES;
				IPHONEOS_DEPLOYMENT_TARGET = 18.0;
				LOCALIZATION_PREFERS_STRING_CATALOGS = YES;
				MTL_ENABLE_DEBUG_INFO = INCLUDE_SOURCE;
				MTL_FAST_MATH = YES;
				ONLY_ACTIVE_ARCH = YES;
				SDKROOT = iphoneos;
				SWIFT_ACTIVE_COMPILATION_CONDITIONS = "DEBUG $(inherited)";
				SWIFT_OPTIMIZATION_LEVEL = "-Onone";
			};
			name = Debug;
		};
		BB9EE0C12C8E2E85000C5047 /* Release */ = {
			isa = XCBuildConfiguration;
			buildSettings = {
				ALWAYS_SEARCH_USER_PATHS = NO;
				ASSETCATALOG_COMPILER_GENERATE_SWIFT_ASSET_SYMBOL_EXTENSIONS = YES;
				CLANG_ANALYZER_NONNULL = YES;
				CLANG_ANALYZER_NUMBER_OBJECT_CONVERSION = YES_AGGRESSIVE;
				CLANG_CXX_LANGUAGE_STANDARD = "gnu++20";
				CLANG_ENABLE_MODULES = YES;
				CLANG_ENABLE_OBJC_ARC = YES;
				CLANG_ENABLE_OBJC_WEAK = YES;
				CLANG_WARN_BLOCK_CAPTURE_AUTORELEASING = YES;
				CLANG_WARN_BOOL_CONVERSION = YES;
				CLANG_WARN_COMMA = YES;
				CLANG_WARN_CONSTANT_CONVERSION = YES;
				CLANG_WARN_DEPRECATED_OBJC_IMPLEMENTATIONS = YES;
				CLANG_WARN_DIRECT_OBJC_ISA_USAGE = YES_ERROR;
				CLANG_WARN_DOCUMENTATION_COMMENTS = YES;
				CLANG_WARN_EMPTY_BODY = YES;
				CLANG_WARN_ENUM_CONVERSION = YES;
				CLANG_WARN_INFINITE_RECURSION = YES;
				CLANG_WARN_INT_CONVERSION = YES;
				CLANG_WARN_NON_LITERAL_NULL_CONVERSION = YES;
				CLANG_WARN_OBJC_IMPLICIT_RETAIN_SELF = YES;
				CLANG_WARN_OBJC_LITERAL_CONVERSION = YES;
				CLANG_WARN_OBJC_ROOT_CLASS = YES_ERROR;
				CLANG_WARN_QUOTED_INCLUDE_IN_FRAMEWORK_HEADER = YES;
				CLANG_WARN_RANGE_LOOP_ANALYSIS = YES;
				CLANG_WARN_STRICT_PROTOTYPES = YES;
				CLANG_WARN_SUSPICIOUS_MOVE = YES;
				CLANG_WARN_UNGUARDED_AVAILABILITY = YES_AGGRESSIVE;
				CLANG_WARN_UNREACHABLE_CODE = YES;
				CLANG_WARN__DUPLICATE_METHOD_MATCH = YES;
				COPY_PHASE_STRIP = NO;
				DEBUG_INFORMATION_FORMAT = "dwarf-with-dsym";
				ENABLE_NS_ASSERTIONS = NO;
				ENABLE_STRICT_OBJC_MSGSEND = YES;
				ENABLE_USER_SCRIPT_SANDBOXING = YES;
				GCC_C_LANGUAGE_STANDARD = gnu17;
				GCC_NO_COMMON_BLOCKS = YES;
				GCC_WARN_64_TO_32_BIT_CONVERSION = YES;
				GCC_WARN_ABOUT_RETURN_TYPE = YES_ERROR;
				GCC_WARN_UNDECLARED_SELECTOR = YES;
				GCC_WARN_UNINITIALIZED_AUTOS = YES_AGGRESSIVE;
				GCC_WARN_UNUSED_FUNCTION = YES;
				GCC_WARN_UNUSED_VARIABLE = YES;
				IPHONEOS_DEPLOYMENT_TARGET = 18.0;
				LOCALIZATION_PREFERS_STRING_CATALOGS = YES;
				MTL_ENABLE_DEBUG_INFO = NO;
				MTL_FAST_MATH = YES;
				SDKROOT = iphoneos;
				SWIFT_COMPILATION_MODE = wholemodule;
				VALIDATE_PRODUCT = YES;
			};
			name = Release;
		};
		BB9EE0C32C8E2E85000C5047 /* Debug */ = {
			isa = XCBuildConfiguration;
			buildSettings = {
				ASSETCATALOG_COMPILER_APPICON_NAME = AppIcon;
				ASSETCATALOG_COMPILER_GLOBAL_ACCENT_COLOR_NAME = AccentColor;
				CODE_SIGN_STYLE = Automatic;
				CURRENT_PROJECT_VERSION = 1;
				DEVELOPMENT_ASSET_PATHS = "\"Books/Preview Content\"";
				DEVELOPMENT_TEAM = RKV4UP49S6;
				ENABLE_PREVIEWS = YES;
				GENERATE_INFOPLIST_FILE = YES;
				INFOPLIST_KEY_UIApplicationSceneManifest_Generation = YES;
				INFOPLIST_KEY_UIApplicationSupportsIndirectInputEvents = YES;
				INFOPLIST_KEY_UILaunchScreen_Generation = YES;
				INFOPLIST_KEY_UILaunchStoryboardName = "Launch Screen.storyboard";
				INFOPLIST_KEY_UISupportedInterfaceOrientations_iPad = "UIInterfaceOrientationPortrait UIInterfaceOrientationPortraitUpsideDown UIInterfaceOrientationLandscapeLeft UIInterfaceOrientationLandscapeRight";
				INFOPLIST_KEY_UISupportedInterfaceOrientations_iPhone = "UIInterfaceOrientationPortrait UIInterfaceOrientationLandscapeLeft UIInterfaceOrientationLandscapeRight";
				LD_RUNPATH_SEARCH_PATHS = (
					"$(inherited)",
					"@executable_path/Frameworks",
				);
				MARKETING_VERSION = 1.0;
				PRODUCT_BUNDLE_IDENTIFIER = createchsol.com.Books;
				PRODUCT_NAME = "$(TARGET_NAME)";
				SWIFT_EMIT_LOC_STRINGS = YES;
				SWIFT_VERSION = 5.0;
				TARGETED_DEVICE_FAMILY = "1,2";
			};
			name = Debug;
		};
		BB9EE0C42C8E2E85000C5047 /* Release */ = {
			isa = XCBuildConfiguration;
			buildSettings = {
				ASSETCATALOG_COMPILER_APPICON_NAME = AppIcon;
				ASSETCATALOG_COMPILER_GLOBAL_ACCENT_COLOR_NAME = AccentColor;
				CODE_SIGN_STYLE = Automatic;
				CURRENT_PROJECT_VERSION = 1;
				DEVELOPMENT_ASSET_PATHS = "\"Books/Preview Content\"";
				DEVELOPMENT_TEAM = RKV4UP49S6;
				ENABLE_PREVIEWS = YES;
				GENERATE_INFOPLIST_FILE = YES;
				INFOPLIST_KEY_UIApplicationSceneManifest_Generation = YES;
				INFOPLIST_KEY_UIApplicationSupportsIndirectInputEvents = YES;
				INFOPLIST_KEY_UILaunchScreen_Generation = YES;
				INFOPLIST_KEY_UILaunchStoryboardName = "Launch Screen.storyboard";
				INFOPLIST_KEY_UISupportedInterfaceOrientations_iPad = "UIInterfaceOrientationPortrait UIInterfaceOrientationPortraitUpsideDown UIInterfaceOrientationLandscapeLeft UIInterfaceOrientationLandscapeRight";
				INFOPLIST_KEY_UISupportedInterfaceOrientations_iPhone = "UIInterfaceOrientationPortrait UIInterfaceOrientationLandscapeLeft UIInterfaceOrientationLandscapeRight";
				LD_RUNPATH_SEARCH_PATHS = (
					"$(inherited)",
					"@executable_path/Frameworks",
				);
				MARKETING_VERSION = 1.0;
				PRODUCT_BUNDLE_IDENTIFIER = createchsol.com.Books;
				PRODUCT_NAME = "$(TARGET_NAME)";
				SWIFT_EMIT_LOC_STRINGS = YES;
				SWIFT_VERSION = 5.0;
				TARGETED_DEVICE_FAMILY = "1,2";
			};
			name = Release;
		};
/* End XCBuildConfiguration section */

/* Begin XCConfigurationList section */
		BB9EE0AF2C8E2E84000C5047 /* Build configuration list for PBXProject "Books" */ = {
			isa = XCConfigurationList;
			buildConfigurations = (
				BB9EE0C02C8E2E85000C5047 /* Debug */,
				BB9EE0C12C8E2E85000C5047 /* Release */,
			);
			defaultConfigurationIsVisible = 0;
			defaultConfigurationName = Release;
		};
		BB9EE0C22C8E2E85000C5047 /* Build configuration list for PBXNativeTarget "Books" */ = {
			isa = XCConfigurationList;
			buildConfigurations = (
				BB9EE0C32C8E2E85000C5047 /* Debug */,
				BB9EE0C42C8E2E85000C5047 /* Release */,
			);
			defaultConfigurationIsVisible = 0;
			defaultConfigurationName = Release;
		};
/* End XCConfigurationList section */
	};
	rootObject = BB9EE0AC2C8E2E84000C5047 /* Project object */;
}
